
Microsoft Visual Studio Solution File, Format Version 12.00
# Visual Studio Version 17
VisualStudioVersion = 17.11.35208.52
MinimumVisualStudioVersion = 10.0.40219.1
Project("{FAE04EC0-301F-11D3-BF4B-00C04F79EFBC}") = "Objetos1", "Objetos1\Objetos1.csproj", "{DFE92560-5BF8-4296-8E06-C5B46837DCC5}"
EndProject
Global
	GlobalSection(SolutionConfigurationPlatforms) = preSolution
		Debug|Any CPU = Debug|Any CPU
		Release|Any CPU = Release|Any CPU
	EndGlobalSection
	GlobalSection(ProjectConfigurationPlatforms) = postSolution
		{DFE92560-5BF8-4296-8E06-C5B46837DCC5}.Debug|Any CPU.ActiveCfg = Debug|Any CPU
		{DFE92560-5BF8-4296-8E06-C5B46837DCC5}.Debug|Any CPU.Build.0 = Debug|Any CPU
		{DFE92560-5BF8-4296-8E06-C5B46837DCC5}.Release|Any CPU.ActiveCfg = Release|Any CPU
		{DFE92560-5BF8-4296-8E06-C5B46837DCC5}.Release|Any CPU.Build.0 = Release|Any CPU
	EndGlobalSection
	GlobalSection(SolutionProperties) = preSolution
		HideSolutionNode = FALSE
	EndGlobalSection
	GlobalSection(ExtensibilityGlobals) = postSolution
		SolutionGuid = {8C05E507-4839-4D1D-B223-763309FD5AD7}
	EndGlobalSection
EndGlobal
